// !$*UTF8*$!
{
	archiveVersion = 1;
	classes = {
	};
	objectVersion = 50;
	objects = {

/* Begin PBXBuildFile section */
		48590101248537AD00BC16CF /* AppDelegate.swift in Sources */ = {isa = PBXBuildFile; fileRef = 48590100248537AD00BC16CF /* AppDelegate.swift */; };
		48590103248537AD00BC16CF /* Document.swift in Sources */ = {isa = PBXBuildFile; fileRef = 48590102248537AD00BC16CF /* Document.swift */; };
		48590105248537AD00BC16CF /* ContentView.swift in Sources */ = {isa = PBXBuildFile; fileRef = 48590104248537AD00BC16CF /* ContentView.swift */; };
		48590107248537AF00BC16CF /* Assets.xcassets in Resources */ = {isa = PBXBuildFile; fileRef = 48590106248537AF00BC16CF /* Assets.xcassets */; };
		4859010A248537AF00BC16CF /* Preview Assets.xcassets in Resources */ = {isa = PBXBuildFile; fileRef = 48590109248537AF00BC16CF /* Preview Assets.xcassets */; };
		4859010D248537AF00BC16CF /* Main.storyboard in Resources */ = {isa = PBXBuildFile; fileRef = 4859010B248537AF00BC16CF /* Main.storyboard */; };
		48590116248537DD00BC16CF /* GraphQLObjects.swift in Sources */ = {isa = PBXBuildFile; fileRef = 48590115248537DD00BC16CF /* GraphQLObjects.swift */; };
		485901182485385700BC16CF /* PickerField.swift in Sources */ = {isa = PBXBuildFile; fileRef = 485901172485385700BC16CF /* PickerField.swift */; };
		4859011A2485399200BC16CF /* ArgumentView.swift in Sources */ = {isa = PBXBuildFile; fileRef = 485901192485399200BC16CF /* ArgumentView.swift */; };
		4859011C248539F500BC16CF /* FieldView.swift in Sources */ = {isa = PBXBuildFile; fileRef = 4859011B248539F500BC16CF /* FieldView.swift */; };
		4859011E24853A4700BC16CF /* ObjectView.swift in Sources */ = {isa = PBXBuildFile; fileRef = 4859011D24853A4700BC16CF /* ObjectView.swift */; };
/* End PBXBuildFile section */

/* Begin PBXFileReference section */
		485900FD248537AD00BC16CF /* MySchema.app */ = {isa = PBXFileReference; explicitFileType = wrapper.application; includeInIndex = 0; path = MySchema.app; sourceTree = BUILT_PRODUCTS_DIR; };
		48590100248537AD00BC16CF /* AppDelegate.swift */ = {isa = PBXFileReference; lastKnownFileType = sourcecode.swift; path = AppDelegate.swift; sourceTree = "<group>"; };
		48590102248537AD00BC16CF /* Document.swift */ = {isa = PBXFileReference; lastKnownFileType = sourcecode.swift; path = Document.swift; sourceTree = "<group>"; };
		48590104248537AD00BC16CF /* ContentView.swift */ = {isa = PBXFileReference; lastKnownFileType = sourcecode.swift; path = ContentView.swift; sourceTree = "<group>"; };
		48590106248537AF00BC16CF /* Assets.xcassets */ = {isa = PBXFileReference; lastKnownFileType = folder.assetcatalog; path = Assets.xcassets; sourceTree = "<group>"; };
		48590109248537AF00BC16CF /* Preview Assets.xcassets */ = {isa = PBXFileReference; lastKnownFileType = folder.assetcatalog; path = "Preview Assets.xcassets"; sourceTree = "<group>"; };
		4859010C248537AF00BC16CF /* Base */ = {isa = PBXFileReference; lastKnownFileType = file.storyboard; name = Base; path = Base.lproj/Main.storyboard; sourceTree = "<group>"; };
		4859010E248537AF00BC16CF /* Info.plist */ = {isa = PBXFileReference; lastKnownFileType = text.plist.xml; path = Info.plist; sourceTree = "<group>"; };
		4859010F248537AF00BC16CF /* MySchema.entitlements */ = {isa = PBXFileReference; lastKnownFileType = text.plist.entitlements; path = MySchema.entitlements; sourceTree = "<group>"; };
		48590115248537DD00BC16CF /* GraphQLObjects.swift */ = {isa = PBXFileReference; lastKnownFileType = sourcecode.swift; path = GraphQLObjects.swift; sourceTree = "<group>"; };
		485901172485385700BC16CF /* PickerField.swift */ = {isa = PBXFileReference; lastKnownFileType = sourcecode.swift; path = PickerField.swift; sourceTree = "<group>"; };
		485901192485399200BC16CF /* ArgumentView.swift */ = {isa = PBXFileReference; lastKnownFileType = sourcecode.swift; path = ArgumentView.swift; sourceTree = "<group>"; };
		4859011B248539F500BC16CF /* FieldView.swift */ = {isa = PBXFileReference; lastKnownFileType = sourcecode.swift; path = FieldView.swift; sourceTree = "<group>"; };
		4859011D24853A4700BC16CF /* ObjectView.swift */ = {isa = PBXFileReference; lastKnownFileType = sourcecode.swift; path = ObjectView.swift; sourceTree = "<group>"; };
/* End PBXFileReference section */

/* Begin PBXFrameworksBuildPhase section */
		485900FA248537AD00BC16CF /* Frameworks */ = {
			isa = PBXFrameworksBuildPhase;
			buildActionMask = 2147483647;
			files = (
			);
			runOnlyForDeploymentPostprocessing = 0;
		};
/* End PBXFrameworksBuildPhase section */

/* Begin PBXGroup section */
		485900F4248537AD00BC16CF = {
			isa = PBXGroup;
			children = (
				485900FF248537AD00BC16CF /* MySchema */,
				485900FE248537AD00BC16CF /* Products */,
			);
			sourceTree = "<group>";
		};
		485900FE248537AD00BC16CF /* Products */ = {
			isa = PBXGroup;
			children = (
				485900FD248537AD00BC16CF /* MySchema.app */,
			);
			name = Products;
			sourceTree = "<group>";
		};
		485900FF248537AD00BC16CF /* MySchema */ = {
			isa = PBXGroup;
			children = (
				48590100248537AD00BC16CF /* AppDelegate.swift */,
				48590102248537AD00BC16CF /* Document.swift */,
				48590115248537DD00BC16CF /* GraphQLObjects.swift */,
				48590104248537AD00BC16CF /* ContentView.swift */,
				485901172485385700BC16CF /* PickerField.swift */,
				485901192485399200BC16CF /* ArgumentView.swift */,
				4859011B248539F500BC16CF /* FieldView.swift */,
				4859011D24853A4700BC16CF /* ObjectView.swift */,
				48590106248537AF00BC16CF /* Assets.xcassets */,
				4859010B248537AF00BC16CF /* Main.storyboard */,
				4859010E248537AF00BC16CF /* Info.plist */,
				4859010F248537AF00BC16CF /* MySchema.entitlements */,
				48590108248537AF00BC16CF /* Preview Content */,
			);
			path = MySchema;
			sourceTree = "<group>";
		};
		48590108248537AF00BC16CF /* Preview Content */ = {
			isa = PBXGroup;
			children = (
				48590109248537AF00BC16CF /* Preview Assets.xcassets */,
			);
			path = "Preview Content";
			sourceTree = "<group>";
		};
/* End PBXGroup section */

/* Begin PBXNativeTarget section */
		485900FC248537AD00BC16CF /* MySchema */ = {
			isa = PBXNativeTarget;
			buildConfigurationList = 48590112248537AF00BC16CF /* Build configuration list for PBXNativeTarget "MySchema" */;
			buildPhases = (
				485900F9248537AD00BC16CF /* Sources */,
				485900FA248537AD00BC16CF /* Frameworks */,
				485900FB248537AD00BC16CF /* Resources */,
			);
			buildRules = (
			);
			dependencies = (
			);
			name = MySchema;
			productName = MySchema;
			productReference = 485900FD248537AD00BC16CF /* MySchema.app */;
			productType = "com.apple.product-type.application";
		};
/* End PBXNativeTarget section */

/* Begin PBXProject section */
		485900F5248537AD00BC16CF /* Project object */ = {
			isa = PBXProject;
			attributes = {
				LastSwiftUpdateCheck = 1150;
				LastUpgradeCheck = 1150;
				ORGANIZATIONNAME = "Kieran Brown";
				TargetAttributes = {
					485900FC248537AD00BC16CF = {
						CreatedOnToolsVersion = 11.5;
					};
				};
			};
			buildConfigurationList = 485900F8248537AD00BC16CF /* Build configuration list for PBXProject "MySchema" */;
			compatibilityVersion = "Xcode 9.3";
			developmentRegion = en;
			hasScannedForEncodings = 0;
			knownRegions = (
				en,
				Base,
			);
			mainGroup = 485900F4248537AD00BC16CF;
			productRefGroup = 485900FE248537AD00BC16CF /* Products */;
			projectDirPath = "";
			projectRoot = "";
			targets = (
				485900FC248537AD00BC16CF /* MySchema */,
			);
		};
/* End PBXProject section */

/* Begin PBXResourcesBuildPhase section */
		485900FB248537AD00BC16CF /* Resources */ = {
			isa = PBXResourcesBuildPhase;
			buildActionMask = 2147483647;
			files = (
				4859010D248537AF00BC16CF /* Main.storyboard in Resources */,
				4859010A248537AF00BC16CF /* Preview Assets.xcassets in Resources */,
				48590107248537AF00BC16CF /* Assets.xcassets in Resources */,
			);
			runOnlyForDeploymentPostprocessing = 0;
		};
/* End PBXResourcesBuildPhase section */

/* Begin PBXSourcesBuildPhase section */
		485900F9248537AD00BC16CF /* Sources */ = {
			isa = PBXSourcesBuildPhase;
			buildActionMask = 2147483647;
			files = (
				48590116248537DD00BC16CF /* GraphQLObjects.swift in Sources */,
				48590103248537AD00BC16CF /* Document.swift in Sources */,
				485901182485385700BC16CF /* PickerField.swift in Sources */,
				48590101248537AD00BC16CF /* AppDelegate.swift in Sources */,
				48590105248537AD00BC16CF /* ContentView.swift in Sources */,
				4859011E24853A4700BC16CF /* ObjectView.swift in Sources */,
				4859011A2485399200BC16CF /* ArgumentView.swift in Sources */,
				4859011C248539F500BC16CF /* FieldView.swift in Sources */,
			);
			runOnlyForDeploymentPostprocessing = 0;
		};
/* End PBXSourcesBuildPhase section */

/* Begin PBXVariantGroup section */
		4859010B248537AF00BC16CF /* Main.storyboard */ = {
			isa = PBXVariantGroup;
			children = (
				4859010C248537AF00BC16CF /* Base */,
			);
			name = Main.storyboard;
			sourceTree = "<group>";
		};
/* End PBXVariantGroup section */

/* Begin XCBuildConfiguration section */
		48590110248537AF00BC16CF /* Debug */ = {
			isa = XCBuildConfiguration;
			buildSettings = {
				ALWAYS_SEARCH_USER_PATHS = NO;
				CLANG_ANALYZER_NONNULL = YES;
				CLANG_ANALYZER_NUMBER_OBJECT_CONVERSION = YES_AGGRESSIVE;
				CLANG_CXX_LANGUAGE_STANDARD = "gnu++14";
				CLANG_CXX_LIBRARY = "libc++";
				CLANG_ENABLE_MODULES = YES;
				CLANG_ENABLE_OBJC_ARC = YES;
				CLANG_ENABLE_OBJC_WEAK = YES;
				CLANG_WARN_BLOCK_CAPTURE_AUTORELEASING = YES;
				CLANG_WARN_BOOL_CONVERSION = YES;
				CLANG_WARN_COMMA = YES;
				CLANG_WARN_CONSTANT_CONVERSION = YES;
				CLANG_WARN_DEPRECATED_OBJC_IMPLEMENTATIONS = YES;
				CLANG_WARN_DIRECT_OBJC_ISA_USAGE = YES_ERROR;
				CLANG_WARN_DOCUMENTATION_COMMENTS = YES;
				CLANG_WARN_EMPTY_BODY = YES;
				CLANG_WARN_ENUM_CONVERSION = YES;
				CLANG_WARN_INFINITE_RECURSION = YES;
				CLANG_WARN_INT_CONVERSION = YES;
				CLANG_WARN_NON_LITERAL_NULL_CONVERSION = YES;
				CLANG_WARN_OBJC_IMPLICIT_RETAIN_SELF = YES;
				CLANG_WARN_OBJC_LITERAL_CONVERSION = YES;
				CLANG_WARN_OBJC_ROOT_CLASS = YES_ERROR;
				CLANG_WARN_RANGE_LOOP_ANALYSIS = YES;
				CLANG_WARN_STRICT_PROTOTYPES = YES;
				CLANG_WARN_SUSPICIOUS_MOVE = YES;
				CLANG_WARN_UNGUARDED_AVAILABILITY = YES_AGGRESSIVE;
				CLANG_WARN_UNREACHABLE_CODE = YES;
				CLANG_WARN__DUPLICATE_METHOD_MATCH = YES;
				COPY_PHASE_STRIP = NO;
				DEBUG_INFORMATION_FORMAT = dwarf;
				ENABLE_STRICT_OBJC_MSGSEND = YES;
				ENABLE_TESTABILITY = YES;
				GCC_C_LANGUAGE_STANDARD = gnu11;
				GCC_DYNAMIC_NO_PIC = NO;
				GCC_NO_COMMON_BLOCKS = YES;
				GCC_OPTIMIZATION_LEVEL = 0;
				GCC_PREPROCESSOR_DEFINITIONS = (
					"DEBUG=1",
					"$(inherited)",
				);
				GCC_WARN_64_TO_32_BIT_CONVERSION = YES;
				GCC_WARN_ABOUT_RETURN_TYPE = YES_ERROR;
				GCC_WARN_UNDECLARED_SELECTOR = YES;
				GCC_WARN_UNINITIALIZED_AUTOS = YES_AGGRESSIVE;
				GCC_WARN_UNUSED_FUNCTION = YES;
				GCC_WARN_UNUSED_VARIABLE = YES;
				MACOSX_DEPLOYMENT_TARGET = 10.15;
				MTL_ENABLE_DEBUG_INFO = INCLUDE_SOURCE;
				MTL_FAST_MATH = YES;
				ONLY_ACTIVE_ARCH = YES;
				SDKROOT = macosx;
				SWIFT_ACTIVE_COMPILATION_CONDITIONS = DEBUG;
				SWIFT_OPTIMIZATION_LEVEL = "-Onone";
			};
			name = Debug;
		};
		48590111248537AF00BC16CF /* Release */ = {
			isa = XCBuildConfiguration;
			buildSettings = {
				ALWAYS_SEARCH_USER_PATHS = NO;
				CLANG_ANALYZER_NONNULL = YES;
				CLANG_ANALYZER_NUMBER_OBJECT_CONVERSION = YES_AGGRESSIVE;
				CLANG_CXX_LANGUAGE_STANDARD = "gnu++14";
				CLANG_CXX_LIBRARY = "libc++";
				CLANG_ENABLE_MODULES = YES;
				CLANG_ENABLE_OBJC_ARC = YES;
				CLANG_ENABLE_OBJC_WEAK = YES;
				CLANG_WARN_BLOCK_CAPTURE_AUTORELEASING = YES;
				CLANG_WARN_BOOL_CONVERSION = YES;
				CLANG_WARN_COMMA = YES;
				CLANG_WARN_CONSTANT_CONVERSION = YES;
				CLANG_WARN_DEPRECATED_OBJC_IMPLEMENTATIONS = YES;
				CLANG_WARN_DIRECT_OBJC_ISA_USAGE = YES_ERROR;
				CLANG_WARN_DOCUMENTATION_COMMENTS = YES;
				CLANG_WARN_EMPTY_BODY = YES;
				CLANG_WARN_ENUM_CONVERSION = YES;
				CLANG_WARN_INFINITE_RECURSION = YES;
				CLANG_WARN_INT_CONVERSION = YES;
				CLANG_WARN_NON_LITERAL_NULL_CONVERSION = YES;
				CLANG_WARN_OBJC_IMPLICIT_RETAIN_SELF = YES;
				CLANG_WARN_OBJC_LITERAL_CONVERSION = YES;
				CLANG_WARN_OBJC_ROOT_CLASS = YES_ERROR;
				CLANG_WARN_RANGE_LOOP_ANALYSIS = YES;
				CLANG_WARN_STRICT_PROTOTYPES = YES;
				CLANG_WARN_SUSPICIOUS_MOVE = YES;
				CLANG_WARN_UNGUARDED_AVAILABILITY = YES_AGGRESSIVE;
				CLANG_WARN_UNREACHABLE_CODE = YES;
				CLANG_WARN__DUPLICATE_METHOD_MATCH = YES;
				COPY_PHASE_STRIP = NO;
				DEBUG_INFORMATION_FORMAT = "dwarf-with-dsym";
				ENABLE_NS_ASSERTIONS = NO;
				ENABLE_STRICT_OBJC_MSGSEND = YES;
				GCC_C_LANGUAGE_STANDARD = gnu11;
				GCC_NO_COMMON_BLOCKS = YES;
				GCC_WARN_64_TO_32_BIT_CONVERSION = YES;
				GCC_WARN_ABOUT_RETURN_TYPE = YES_ERROR;
				GCC_WARN_UNDECLARED_SELECTOR = YES;
				GCC_WARN_UNINITIALIZED_AUTOS = YES_AGGRESSIVE;
				GCC_WARN_UNUSED_FUNCTION = YES;
				GCC_WARN_UNUSED_VARIABLE = YES;
				MACOSX_DEPLOYMENT_TARGET = 10.15;
				MTL_ENABLE_DEBUG_INFO = NO;
				MTL_FAST_MATH = YES;
				SDKROOT = macosx;
				SWIFT_COMPILATION_MODE = wholemodule;
				SWIFT_OPTIMIZATION_LEVEL = "-O";
			};
			name = Release;
		};
		48590113248537AF00BC16CF /* Debug */ = {
			isa = XCBuildConfiguration;
			buildSettings = {
				ASSETCATALOG_COMPILER_APPICON_NAME = AppIcon;
				CODE_SIGN_ENTITLEMENTS = MySchema/MySchema.entitlements;
				CODE_SIGN_STYLE = Automatic;
				COMBINE_HIDPI_IMAGES = YES;
				DEVELOPMENT_ASSET_PATHS = "\"MySchema/Preview Content\"";
				DEVELOPMENT_TEAM = CJ3HCZ6WWQ;
				ENABLE_HARDENED_RUNTIME = YES;
				ENABLE_PREVIEWS = YES;
				INFOPLIST_FILE = MySchema/Info.plist;
				LD_RUNPATH_SEARCH_PATHS = (
					"$(inherited)",
					"@executable_path/../Frameworks",
				);
				MACOSX_DEPLOYMENT_TARGET = 10.15;
				PRODUCT_BUNDLE_IDENTIFIER = KieransComponents.MySchema;
				PRODUCT_NAME = "$(TARGET_NAME)";
				SWIFT_VERSION = 5.0;
			};
			name = Debug;
		};
		48590114248537AF00BC16CF /* Release */ = {
			isa = XCBuildConfiguration;
			buildSettings = {
				ASSETCATALOG_COMPILER_APPICON_NAME = AppIcon;
				CODE_SIGN_ENTITLEMENTS = MySchema/MySchema.entitlements;
				CODE_SIGN_STYLE = Automatic;
				COMBINE_HIDPI_IMAGES = YES;
				DEVELOPMENT_ASSET_PATHS = "\"MySchema/Preview Content\"";
				DEVELOPMENT_TEAM = CJ3HCZ6WWQ;
				ENABLE_HARDENED_RUNTIME = YES;
				ENABLE_PREVIEWS = YES;
				INFOPLIST_FILE = MySchema/Info.plist;
				LD_RUNPATH_SEARCH_PATHS = (
					"$(inherited)",
					"@executable_path/../Frameworks",
				);
				MACOSX_DEPLOYMENT_TARGET = 10.15;
				PRODUCT_BUNDLE_IDENTIFIER = KieransComponents.MySchema;
				PRODUCT_NAME = "$(TARGET_NAME)";
				SWIFT_VERSION = 5.0;
			};
			name = Release;
		};
/* End XCBuildConfiguration section */

/* Begin XCConfigurationList section */
		485900F8248537AD00BC16CF /* Build configuration list for PBXProject "MySchema" */ = {
			isa = XCConfigurationList;
			buildConfigurations = (
				48590110248537AF00BC16CF /* Debug */,
				48590111248537AF00BC16CF /* Release */,
			);
			defaultConfigurationIsVisible = 0;
			defaultConfigurationName = Release;
		};
		48590112248537AF00BC16CF /* Build configuration list for PBXNativeTarget "MySchema" */ = {
			isa = XCConfigurationList;
			buildConfigurations = (
				48590113248537AF00BC16CF /* Debug */,
				48590114248537AF00BC16CF /* Release */,
			);
			defaultConfigurationIsVisible = 0;
			defaultConfigurationName = Release;
		};
/* End XCConfigurationList section */
	};
	rootObject = 485900F5248537AD00BC16CF /* Project object */;
}
